
Microsoft Visual Studio Solution File, Format Version 12.00
# Visual Studio 15
Project("{FAE04EC0-301F-11D3-BF4B-00C04F79EFBC}") = "discordBot", "Pepper.bot\discordBot\discordBot.csproj", "{B4D5B88B-8DBE-4DEC-89CE-C26378CB355C}"
EndProject
Global
	GlobalSection(SolutionConfigurationPlatforms) = preSolution
		Debug|Any CPU = Debug|Any CPU
		Release|Any CPU = Release|Any CPU
	EndGlobalSection
	GlobalSection(ProjectConfigurationPlatforms) = postSolution
		{B4D5B88B-8DBE-4DEC-89CE-C26378CB355C}.Debug|Any CPU.ActiveCfg = Debug|Any CPU
		{B4D5B88B-8DBE-4DEC-89CE-C26378CB355C}.Debug|Any CPU.Build.0 = Debug|Any CPU
		{B4D5B88B-8DBE-4DEC-89CE-C26378CB355C}.Release|Any CPU.ActiveCfg = Release|Any CPU
		{B4D5B88B-8DBE-4DEC-89CE-C26378CB355C}.Release|Any CPU.Build.0 = Release|Any CPU
	EndGlobalSection
EndGlobal
