
Microsoft Visual Studio Solution File, Format Version 12.00
# Visual Studio Version 16
VisualStudioVersion = 16.0.810.0
MinimumVisualStudioVersion = 10.0.40219.1
Project("{FAE04EC0-301F-11D3-BF4B-00C04F79EFBC}") = "DiscordBotDB.Dal.Migrations", "DiscordBotDB.Dal.Migrations.csproj", "{96F95CCC-49F5-496A-8038-C745AB7C87F9}"
EndProject
Global
	GlobalSection(SolutionConfigurationPlatforms) = preSolution
		Debug|Any CPU = Debug|Any CPU
		Release|Any CPU = Release|Any CPU
	EndGlobalSection
	GlobalSection(ProjectConfigurationPlatforms) = postSolution
		{96F95CCC-49F5-496A-8038-C745AB7C87F9}.Debug|Any CPU.ActiveCfg = Debug|Any CPU
		{96F95CCC-49F5-496A-8038-C745AB7C87F9}.Debug|Any CPU.Build.0 = Debug|Any CPU
		{96F95CCC-49F5-496A-8038-C745AB7C87F9}.Release|Any CPU.ActiveCfg = Release|Any CPU
		{96F95CCC-49F5-496A-8038-C745AB7C87F9}.Release|Any CPU.Build.0 = Release|Any CPU
	EndGlobalSection
	GlobalSection(SolutionProperties) = preSolution
		HideSolutionNode = FALSE
	EndGlobalSection
	GlobalSection(ExtensibilityGlobals) = postSolution
		SolutionGuid = {3C6A072E-FDF7-4850-BA6A-D92ABFE93949}
	EndGlobalSection
EndGlobal
